
Microsoft Visual Studio Solution File, Format Version 12.00
# Visual Studio 15
VisualStudioVersion = 15.0.27130.2027
MinimumVisualStudioVersion = 10.0.40219.1
Project("{8BC9CEB8-8B4A-11D0-8D11-00A0C91BC942}") = "eronic-engine", "eronic-engine\eronic-engine.vcxproj", "{44BA8412-FD69-4082-9E4C-F083B143B4BC}"
EndProject
Project("{8BC9CEB8-8B4A-11D0-8D11-00A0C91BC942}") = "asteroids-game", "asteroids-game\asteroids-game.vcxproj", "{C6F1A916-32CE-47D0-93D3-6FA358F75094}"
	ProjectSection(ProjectDependencies) = postProject
		{44BA8412-FD69-4082-9E4C-F083B143B4BC} = {44BA8412-FD69-4082-9E4C-F083B143B4BC}
	EndProjectSection
EndProject
Global
	GlobalSection(SolutionConfigurationPlatforms) = preSolution
		Debug - DirectX|x64 = Debug - DirectX|x64
		Debug - DirectX|x86 = Debug - DirectX|x86
		Debug - OpenGL|x64 = Debug - OpenGL|x64
		Debug - OpenGL|x86 = Debug - OpenGL|x86
		Release - DirectX|x64 = Release - DirectX|x64
		Release - DirectX|x86 = Release - DirectX|x86
		Release - OpenGL|x64 = Release - OpenGL|x64
		Release - OpenGL|x86 = Release - OpenGL|x86
	EndGlobalSection
	GlobalSection(ProjectConfigurationPlatforms) = postSolution
		{44BA8412-FD69-4082-9E4C-F083B143B4BC}.Debug - DirectX|x64.ActiveCfg = Debug - DirectX|Win32
		{44BA8412-FD69-4082-9E4C-F083B143B4BC}.Debug - DirectX|x86.ActiveCfg = Debug - DirectX|Win32
		{44BA8412-FD69-4082-9E4C-F083B143B4BC}.Debug - DirectX|x86.Build.0 = Debug - DirectX|Win32
		{44BA8412-FD69-4082-9E4C-F083B143B4BC}.Debug - OpenGL|x64.ActiveCfg = Debug - OpenGL|Win32
		{44BA8412-FD69-4082-9E4C-F083B143B4BC}.Debug - OpenGL|x86.ActiveCfg = Debug - OpenGL|Win32
		{44BA8412-FD69-4082-9E4C-F083B143B4BC}.Debug - OpenGL|x86.Build.0 = Debug - OpenGL|Win32
		{44BA8412-FD69-4082-9E4C-F083B143B4BC}.Release - DirectX|x64.ActiveCfg = Release - DirectX|Win32
		{44BA8412-FD69-4082-9E4C-F083B143B4BC}.Release - DirectX|x86.ActiveCfg = Release - DirectX|Win32
		{44BA8412-FD69-4082-9E4C-F083B143B4BC}.Release - DirectX|x86.Build.0 = Release - DirectX|Win32
		{44BA8412-FD69-4082-9E4C-F083B143B4BC}.Release - OpenGL|x64.ActiveCfg = Release - OpenGL|Win32
		{44BA8412-FD69-4082-9E4C-F083B143B4BC}.Release - OpenGL|x86.ActiveCfg = Release - OpenGL|Win32
		{44BA8412-FD69-4082-9E4C-F083B143B4BC}.Release - OpenGL|x86.Build.0 = Release - OpenGL|Win32
		{C6F1A916-32CE-47D0-93D3-6FA358F75094}.Debug - DirectX|x64.ActiveCfg = Debug - DirectX|Win32
		{C6F1A916-32CE-47D0-93D3-6FA358F75094}.Debug - DirectX|x86.ActiveCfg = Debug - DirectX|Win32
		{C6F1A916-32CE-47D0-93D3-6FA358F75094}.Debug - DirectX|x86.Build.0 = Debug - DirectX|Win32
		{C6F1A916-32CE-47D0-93D3-6FA358F75094}.Debug - OpenGL|x64.ActiveCfg = Debug - OpenGL|Win32
		{C6F1A916-32CE-47D0-93D3-6FA358F75094}.Debug - OpenGL|x86.ActiveCfg = Debug - OpenGL|Win32
		{C6F1A916-32CE-47D0-93D3-6FA358F75094}.Debug - OpenGL|x86.Build.0 = Debug - OpenGL|Win32
		{C6F1A916-32CE-47D0-93D3-6FA358F75094}.Release - DirectX|x64.ActiveCfg = Release - DirectX|Win32
		{C6F1A916-32CE-47D0-93D3-6FA358F75094}.Release - DirectX|x86.ActiveCfg = Release - DirectX|Win32
		{C6F1A916-32CE-47D0-93D3-6FA358F75094}.Release - DirectX|x86.Build.0 = Release - DirectX|Win32
		{C6F1A916-32CE-47D0-93D3-6FA358F75094}.Release - OpenGL|x64.ActiveCfg = Release - OpenGL|Win32
		{C6F1A916-32CE-47D0-93D3-6FA358F75094}.Release - OpenGL|x86.ActiveCfg = Release - OpenGL|Win32
		{C6F1A916-32CE-47D0-93D3-6FA358F75094}.Release - OpenGL|x86.Build.0 = Release - OpenGL|Win32
	EndGlobalSection
	GlobalSection(SolutionProperties) = preSolution
		HideSolutionNode = FALSE
	EndGlobalSection
	GlobalSection(ExtensibilityGlobals) = postSolution
		SolutionGuid = {7717E312-0888-4858-91F3-EBD40328869D}
	EndGlobalSection
EndGlobal
